
Microsoft Visual Studio Solution File, Format Version 12.00
# Visual Studio Version 17
VisualStudioVersion = 17.2.32526.322
MinimumVisualStudioVersion = 10.0.40219.1
Project("{FAE04EC0-301F-11D3-BF4B-00C04F79EFBC}") = "GameStore", "GameStore\GameStore.csproj", "{C10BD55F-54AE-40D5-A2AF-58AA7B1652B9}"
EndProject
Global
	GlobalSection(SolutionConfigurationPlatforms) = preSolution
		Debug|Any CPU = Debug|Any CPU
		Release|Any CPU = Release|Any CPU
	EndGlobalSection
	GlobalSection(ProjectConfigurationPlatforms) = postSolution
		{C10BD55F-54AE-40D5-A2AF-58AA7B1652B9}.Debug|Any CPU.ActiveCfg = Debug|Any CPU
		{C10BD55F-54AE-40D5-A2AF-58AA7B1652B9}.Debug|Any CPU.Build.0 = Debug|Any CPU
		{C10BD55F-54AE-40D5-A2AF-58AA7B1652B9}.Release|Any CPU.ActiveCfg = Release|Any CPU
		{C10BD55F-54AE-40D5-A2AF-58AA7B1652B9}.Release|Any CPU.Build.0 = Release|Any CPU
	EndGlobalSection
	GlobalSection(SolutionProperties) = preSolution
		HideSolutionNode = FALSE
	EndGlobalSection
	GlobalSection(ExtensibilityGlobals) = postSolution
		SolutionGuid = {FC1431E4-5C08-4FEB-B630-F57695C06DD1}
	EndGlobalSection
EndGlobal
